<?xml version="1.0" encoding="utf-8"?>
<Project ToolsVersion="4.0" xmlns="http://schemas.microsoft.com/developer/msbuild/2003">
  <ItemGroup>
    <Filter Include="00. Header">
      <UniqueIdentifier>{93995380-89BD-4b04-88EB-625FBE52EBFB}</UniqueIdentifier>
    </Filter>
    <Filter Include="01. Module">
      <UniqueIdentifier>{8A1B2C3D-4E5F-6789-ABCD-EF0123456789}</UniqueIdentifier>
    </Filter>
    <Filter Include="02. Scene">
      <UniqueIdentifier>{ed3c547a-bbe5-46c6-ad39-22874bf9c04f}</UniqueIdentifier>
    </Filter>
  </ItemGroup>
  <ItemGroup>
    <ClInclude Include="framework.h">
      <Filter>00. Header</Filter>
    </ClInclude>
    <ClInclude Include="pch.h">
      <Filter>00. Header</Filter>
    </ClInclude>
    <ClInclude Include="GameAPI.h">
      <Filter>01. Module</Filter>
    </ClInclude>
    <ClInclude Include="SceneManager.h">
      <Filter>02. Scene</Filter>
    </ClInclude>
  </ItemGroup>
  <ItemGroup>
    <ClCompile Include="pch.cpp">
      <Filter>00. Header</Filter>
    </ClCompile>
    <ClCompile Include="dllmain.cpp">
      <Filter>00. Header</Filter>
    </ClCompile>
    <ClCompile Include="GameModule.cpp">
      <Filter>01. Module</Filter>
    </ClCompile>
    <ClCompile Include="SceneManager.cpp">
      <Filter>02. Scene</Filter>
    </ClCompile>
  </ItemGroup>
</Project>