
Microsoft Visual Studio Solution File, Format Version 12.00
# Visual Studio Version 17
VisualStudioVersion = 17.10.35013.160
MinimumVisualStudioVersion = 10.0.40219.1
Project("{8BC9CEB8-8B4A-11D0-8D11-00A0C91BC942}") = "Engine", "Engine\Engine.vcxproj", "{0E6F7A73-F1C2-447E-9E42-A362F7E55E8C}"
EndProject
Project("{8BC9CEB8-8B4A-11D0-8D11-00A0C91BC942}") = "Game", "Game\Game.vcxproj", "{A3BC8E5F-7B4F-43EE-8656-E06967D0DF7D}"
EndProject
Project("{8BC9CEB8-8B4A-11D0-8D11-00A0C91BC942}") = "Client", "Client\Client.vcxproj", "{59C95EC0-CC91-42C7-BA9C-0F21B3BC9D69}"
	ProjectSection(ProjectDependencies) = postProject
		{A3BC8E5F-7B4F-43EE-8656-E06967D0DF7D} = {A3BC8E5F-7B4F-43EE-8656-E06967D0DF7D}
	EndProjectSection
EndProject
Global
	GlobalSection(SolutionConfigurationPlatforms) = preSolution
		Debug|x64 = Debug|x64
		Debug|x86 = Debug|x86
		Release|x64 = Release|x64
		Release|x86 = Release|x86
	EndGlobalSection
	GlobalSection(ProjectConfigurationPlatforms) = postSolution
		{0E6F7A73-F1C2-447E-9E42-A362F7E55E8C}.Debug|x64.ActiveCfg = Debug|x64
		{0E6F7A73-F1C2-447E-9E42-A362F7E55E8C}.Debug|x64.Build.0 = Debug|x64
		{0E6F7A73-F1C2-447E-9E42-A362F7E55E8C}.Debug|x86.ActiveCfg = Debug|Win32
		{0E6F7A73-F1C2-447E-9E42-A362F7E55E8C}.Debug|x86.Build.0 = Debug|Win32
		{0E6F7A73-F1C2-447E-9E42-A362F7E55E8C}.Release|x64.ActiveCfg = Release|x64
		{0E6F7A73-F1C2-447E-9E42-A362F7E55E8C}.Release|x64.Build.0 = Release|x64
		{0E6F7A73-F1C2-447E-9E42-A362F7E55E8C}.Release|x86.ActiveCfg = Release|Win32
		{0E6F7A73-F1C2-447E-9E42-A362F7E55E8C}.Release|x86.Build.0 = Release|Win32
		{A3BC8E5F-7B4F-43EE-8656-E06967D0DF7D}.Debug|x64.ActiveCfg = Debug|x64
		{A3BC8E5F-7B4F-43EE-8656-E06967D0DF7D}.Debug|x64.Build.0 = Debug|x64
		{A3BC8E5F-7B4F-43EE-8656-E06967D0DF7D}.Debug|x86.ActiveCfg = Debug|Win32
		{A3BC8E5F-7B4F-43EE-8656-E06967D0DF7D}.Debug|x86.Build.0 = Debug|Win32
		{A3BC8E5F-7B4F-43EE-8656-E06967D0DF7D}.Release|x64.ActiveCfg = Release|x64
		{A3BC8E5F-7B4F-43EE-8656-E06967D0DF7D}.Release|x64.Build.0 = Release|x64
		{A3BC8E5F-7B4F-43EE-8656-E06967D0DF7D}.Release|x86.ActiveCfg = Release|Win32
		{A3BC8E5F-7B4F-43EE-8656-E06967D0DF7D}.Release|x86.Build.0 = Release|Win32
		{59C95EC0-CC91-42C7-BA9C-0F21B3BC9D69}.Debug|x64.ActiveCfg = Debug|x64
		{59C95EC0-CC91-42C7-BA9C-0F21B3BC9D69}.Debug|x64.Build.0 = Debug|x64
		{59C95EC0-CC91-42C7-BA9C-0F21B3BC9D69}.Debug|x86.ActiveCfg = Debug|Win32
		{59C95EC0-CC91-42C7-BA9C-0F21B3BC9D69}.Debug|x86.Build.0 = Debug|Win32
		{59C95EC0-CC91-42C7-BA9C-0F21B3BC9D69}.Release|x64.ActiveCfg = Release|x64
		{59C95EC0-CC91-42C7-BA9C-0F21B3BC9D69}.Release|x64.Build.0 = Release|x64
		{59C95EC0-CC91-42C7-BA9C-0F21B3BC9D69}.Release|x86.ActiveCfg = Release|Win32
		{59C95EC0-CC91-42C7-BA9C-0F21B3BC9D69}.Release|x86.Build.0 = Release|Win32
	EndGlobalSection
	GlobalSection(SolutionProperties) = preSolution
		HideSolutionNode = FALSE
	EndGlobalSection
	GlobalSection(ExtensibilityGlobals) = postSolution
		SolutionGuid = {659C8121-007B-42C2-8EB0-534F9662D7AB}
	EndGlobalSection
EndGlobal
